
Microsoft Visual Studio Solution File, Format Version 12.00
Project("{FAE04EC0-301F-11D3-BF4B-00C04F79EFBC}") = "TutoRedis", "TutoRedis\TutoRedis.csproj", "{11CD2956-0CE0-475B-A267-16701E42B7BD}"
EndProject
Project("{FAE04EC0-301F-11D3-BF4B-00C04F79EFBC}") = "WebApplication", "WebApplication\WebApplication.csproj", "{576DA461-8153-4A52-983F-9CB645A1A1D1}"
EndProject
Global
	GlobalSection(SolutionConfigurationPlatforms) = preSolution
		Debug|Any CPU = Debug|Any CPU
		Release|Any CPU = Release|Any CPU
	EndGlobalSection
	GlobalSection(ProjectConfigurationPlatforms) = postSolution
		{11CD2956-0CE0-475B-A267-16701E42B7BD}.Debug|Any CPU.ActiveCfg = Debug|Any CPU
		{11CD2956-0CE0-475B-A267-16701E42B7BD}.Debug|Any CPU.Build.0 = Debug|Any CPU
		{11CD2956-0CE0-475B-A267-16701E42B7BD}.Release|Any CPU.ActiveCfg = Release|Any CPU
		{11CD2956-0CE0-475B-A267-16701E42B7BD}.Release|Any CPU.Build.0 = Release|Any CPU
		{576DA461-8153-4A52-983F-9CB645A1A1D1}.Debug|Any CPU.ActiveCfg = Debug|Any CPU
		{576DA461-8153-4A52-983F-9CB645A1A1D1}.Debug|Any CPU.Build.0 = Debug|Any CPU
		{576DA461-8153-4A52-983F-9CB645A1A1D1}.Release|Any CPU.ActiveCfg = Release|Any CPU
		{576DA461-8153-4A52-983F-9CB645A1A1D1}.Release|Any CPU.Build.0 = Release|Any CPU
	EndGlobalSection
EndGlobal
